
Microsoft Visual Studio Solution File, Format Version 12.00
# Visual Studio 15
VisualStudioVersion = 15.0.28307.902
MinimumVisualStudioVersion = 10.0.40219.1
Project("{FAE04EC0-301F-11D3-BF4B-00C04F79EFBC}") = "Clase2_NetCore", "Clase2_NetCore\Clase2_NetCore.csproj", "{6704A2AE-60C5-4C04-82DA-A6EFCCBC03F9}"
EndProject
Project("{FAE04EC0-301F-11D3-BF4B-00C04F79EFBC}") = "ConsoleCore", "ConsoleCore\ConsoleCore.csproj", "{FCD4AF89-28BB-499B-BD6E-7C6EBFB13956}"
EndProject
Global
	GlobalSection(SolutionConfigurationPlatforms) = preSolution
		Debug|Any CPU = Debug|Any CPU
		Release|Any CPU = Release|Any CPU
	EndGlobalSection
	GlobalSection(ProjectConfigurationPlatforms) = postSolution
		{6704A2AE-60C5-4C04-82DA-A6EFCCBC03F9}.Debug|Any CPU.ActiveCfg = Debug|Any CPU
		{6704A2AE-60C5-4C04-82DA-A6EFCCBC03F9}.Debug|Any CPU.Build.0 = Debug|Any CPU
		{6704A2AE-60C5-4C04-82DA-A6EFCCBC03F9}.Release|Any CPU.ActiveCfg = Release|Any CPU
		{6704A2AE-60C5-4C04-82DA-A6EFCCBC03F9}.Release|Any CPU.Build.0 = Release|Any CPU
		{FCD4AF89-28BB-499B-BD6E-7C6EBFB13956}.Debug|Any CPU.ActiveCfg = Debug|Any CPU
		{FCD4AF89-28BB-499B-BD6E-7C6EBFB13956}.Debug|Any CPU.Build.0 = Debug|Any CPU
		{FCD4AF89-28BB-499B-BD6E-7C6EBFB13956}.Release|Any CPU.ActiveCfg = Release|Any CPU
		{FCD4AF89-28BB-499B-BD6E-7C6EBFB13956}.Release|Any CPU.Build.0 = Release|Any CPU
	EndGlobalSection
	GlobalSection(SolutionProperties) = preSolution
		HideSolutionNode = FALSE
	EndGlobalSection
	GlobalSection(ExtensibilityGlobals) = postSolution
		SolutionGuid = {2E8702C9-21D9-4C7E-A4C1-B3F0773817B3}
	EndGlobalSection
EndGlobal
